
Microsoft Visual Studio Solution File, Format Version 12.00
# Visual Studio Version 16
VisualStudioVersion = 16.0.33214.272
MinimumVisualStudioVersion = 10.0.40219.1
Project("{FAE04EC0-301F-11D3-BF4B-00C04F79EFBC}") = "AT.PredictionLine", "AT.PredictionLine.csproj", "{2344C6AF-7986-42B9-89EA-BF224C583B04}"
EndProject
Global
	GlobalSection(SolutionConfigurationPlatforms) = preSolution
		Debug|Any CPU = Debug|Any CPU
		Release|Any CPU = Release|Any CPU
	EndGlobalSection
	GlobalSection(ProjectConfigurationPlatforms) = postSolution
		{2344C6AF-7986-42B9-89EA-BF224C583B04}.Debug|Any CPU.ActiveCfg = Debug|Any CPU
		{2344C6AF-7986-42B9-89EA-BF224C583B04}.Debug|Any CPU.Build.0 = Debug|Any CPU
		{2344C6AF-7986-42B9-89EA-BF224C583B04}.Release|Any CPU.ActiveCfg = Release|Any CPU
		{2344C6AF-7986-42B9-89EA-BF224C583B04}.Release|Any CPU.Build.0 = Release|Any CPU
	EndGlobalSection
	GlobalSection(SolutionProperties) = preSolution
		HideSolutionNode = FALSE
	EndGlobalSection
	GlobalSection(ExtensibilityGlobals) = postSolution
		SolutionGuid = {A94BEBBB-073A-4395-B548-7743394C88D6}
	EndGlobalSection
EndGlobal
